PODS:
  - Bytedance-UnionAD (2.9.5.8)
  - Flutter (1.0.0)
  - pangolin (0.0.1):
    - Bytedance-UnionAD (= 2.9.5.8)
    - Flutter
  - "permission_handler (5.0.0+hotfix.3)":
    - Flutter

DEPENDENCIES:
  - Flutter (from `Flutter`)
  - pangolin (from `.symlinks/plugins/pangolin/ios`)
  - permission_handler (from `.symlinks/plugins/permission_handler/ios`)

SPEC REPOS:
  https://github.com/CocoaPods/Specs.git:
    - Bytedance-UnionAD

EXTERNAL SOURCES:
  Flutter:
    :path: Flutter
  pangolin:
    :path: ".symlinks/plugins/pangolin/ios"
  permission_handler:
    :path: ".symlinks/plugins/permission_handler/ios"

SPEC CHECKSUMS:
  Bytedance-UnionAD: af6f65144b4fce6329946e89f262ffc8c6c1937c
  Flutter: 0e3d915762c693b495b44d77113d4970485de6ec
  pangolin: 8a5ad0a4d9642d3942453a248171ad0d26c1f48e
  permission_handler: 4a985b5448897c27fdeadde84f7452520c0e6c58

PODFILE CHECKSUM: b60657fe0948772f9aaa48dda2ad2bb46fecdbb9

COCOAPODS: 1.9.3
